
Microsoft Visual Studio Solution File, Format Version 12.00
Project("{2150E333-8FDC-42A3-9474-1A3956D46DE8}") = "Api", "Api", "{0D971EFA-5A88-4B68-9099-54E5E74C6437}"
EndProject
Project("{2150E333-8FDC-42A3-9474-1A3956D46DE8}") = "Ui", "Ui", "{FEFE79AB-5F34-4983-9E3D-AC4C8F595639}"
EndProject
Project("{FAE04EC0-301F-11D3-BF4B-00C04F79EFBC}") = "Host", "src\Api\Host\Host.csproj", "{3D398B6C-AF4D-4CBE-A35F-C6DA75EFF1A7}"
EndProject
Project("{2150E333-8FDC-42A3-9474-1A3956D46DE8}") = "Core", "Core", "{F46DF1D3-99C9-43FB-8BB9-499E17557ED5}"
EndProject
Project("{FAE04EC0-301F-11D3-BF4B-00C04F79EFBC}") = "ServiceBus", "src\Core\ServiceBus\ServiceBus.csproj", "{54B7622F-F09F-45F2-9A42-B6ACEA3CCC98}"
EndProject
Project("{FAE04EC0-301F-11D3-BF4B-00C04F79EFBC}") = "Relay", "src\Core\Relay\Relay.csproj", "{81071089-7BE3-425C-942D-67E6E88C9B93}"
EndProject
Project("{FAE04EC0-301F-11D3-BF4B-00C04F79EFBC}") = "NotificationHub", "src\Core\NotificationHub\NotificationHub.csproj", "{C2DBCA58-9389-4D59-8584-6A61F5CC5D77}"
EndProject
Project("{FAE04EC0-301F-11D3-BF4B-00C04F79EFBC}") = "Common", "src\Core\Common\Common.csproj", "{B25C5DCC-DF32-44D9-ADC6-A1522BA86C04}"
EndProject
Project("{FAE04EC0-301F-11D3-BF4B-00C04F79EFBC}") = "ServiceBus.Contracts", "src\Core\ServiceBus.Contracts\ServiceBus.Contracts.csproj", "{A10A3E27-57F3-40B4-9EEA-6BC51E732720}"
EndProject
Project("{FAE04EC0-301F-11D3-BF4B-00C04F79EFBC}") = "Management", "src\Core\Management\Management.csproj", "{E7789D87-D6AC-4ED6-9AAE-C850AC6BE38C}"
EndProject
Project("{FAE04EC0-301F-11D3-BF4B-00C04F79EFBC}") = "Ui", "src\Ui\Ui.csproj", "{E0B0698D-DC8A-498D-B21F-45A5769251BC}"
EndProject
Global
	GlobalSection(SolutionConfigurationPlatforms) = preSolution
		Debug|Any CPU = Debug|Any CPU
		Release|Any CPU = Release|Any CPU
	EndGlobalSection
	GlobalSection(ProjectConfigurationPlatforms) = postSolution
		{3D398B6C-AF4D-4CBE-A35F-C6DA75EFF1A7}.Debug|Any CPU.ActiveCfg = Debug|Any CPU
		{3D398B6C-AF4D-4CBE-A35F-C6DA75EFF1A7}.Debug|Any CPU.Build.0 = Debug|Any CPU
		{3D398B6C-AF4D-4CBE-A35F-C6DA75EFF1A7}.Release|Any CPU.ActiveCfg = Release|Any CPU
		{3D398B6C-AF4D-4CBE-A35F-C6DA75EFF1A7}.Release|Any CPU.Build.0 = Release|Any CPU
		{54B7622F-F09F-45F2-9A42-B6ACEA3CCC98}.Debug|Any CPU.ActiveCfg = Debug|Any CPU
		{54B7622F-F09F-45F2-9A42-B6ACEA3CCC98}.Debug|Any CPU.Build.0 = Debug|Any CPU
		{54B7622F-F09F-45F2-9A42-B6ACEA3CCC98}.Release|Any CPU.ActiveCfg = Release|Any CPU
		{54B7622F-F09F-45F2-9A42-B6ACEA3CCC98}.Release|Any CPU.Build.0 = Release|Any CPU
		{81071089-7BE3-425C-942D-67E6E88C9B93}.Debug|Any CPU.ActiveCfg = Debug|Any CPU
		{81071089-7BE3-425C-942D-67E6E88C9B93}.Debug|Any CPU.Build.0 = Debug|Any CPU
		{81071089-7BE3-425C-942D-67E6E88C9B93}.Release|Any CPU.ActiveCfg = Release|Any CPU
		{81071089-7BE3-425C-942D-67E6E88C9B93}.Release|Any CPU.Build.0 = Release|Any CPU
		{C2DBCA58-9389-4D59-8584-6A61F5CC5D77}.Debug|Any CPU.ActiveCfg = Debug|Any CPU
		{C2DBCA58-9389-4D59-8584-6A61F5CC5D77}.Debug|Any CPU.Build.0 = Debug|Any CPU
		{C2DBCA58-9389-4D59-8584-6A61F5CC5D77}.Release|Any CPU.ActiveCfg = Release|Any CPU
		{C2DBCA58-9389-4D59-8584-6A61F5CC5D77}.Release|Any CPU.Build.0 = Release|Any CPU
		{B25C5DCC-DF32-44D9-ADC6-A1522BA86C04}.Debug|Any CPU.ActiveCfg = Debug|Any CPU
		{B25C5DCC-DF32-44D9-ADC6-A1522BA86C04}.Debug|Any CPU.Build.0 = Debug|Any CPU
		{B25C5DCC-DF32-44D9-ADC6-A1522BA86C04}.Release|Any CPU.ActiveCfg = Release|Any CPU
		{B25C5DCC-DF32-44D9-ADC6-A1522BA86C04}.Release|Any CPU.Build.0 = Release|Any CPU
		{A10A3E27-57F3-40B4-9EEA-6BC51E732720}.Debug|Any CPU.ActiveCfg = Debug|Any CPU
		{A10A3E27-57F3-40B4-9EEA-6BC51E732720}.Debug|Any CPU.Build.0 = Debug|Any CPU
		{A10A3E27-57F3-40B4-9EEA-6BC51E732720}.Release|Any CPU.ActiveCfg = Release|Any CPU
		{A10A3E27-57F3-40B4-9EEA-6BC51E732720}.Release|Any CPU.Build.0 = Release|Any CPU
		{E7789D87-D6AC-4ED6-9AAE-C850AC6BE38C}.Debug|Any CPU.ActiveCfg = Debug|Any CPU
		{E7789D87-D6AC-4ED6-9AAE-C850AC6BE38C}.Debug|Any CPU.Build.0 = Debug|Any CPU
		{E7789D87-D6AC-4ED6-9AAE-C850AC6BE38C}.Release|Any CPU.ActiveCfg = Release|Any CPU
		{E7789D87-D6AC-4ED6-9AAE-C850AC6BE38C}.Release|Any CPU.Build.0 = Release|Any CPU
		{E0B0698D-DC8A-498D-B21F-45A5769251BC}.Debug|Any CPU.ActiveCfg = Debug|Any CPU
		{E0B0698D-DC8A-498D-B21F-45A5769251BC}.Debug|Any CPU.Build.0 = Debug|Any CPU
		{E0B0698D-DC8A-498D-B21F-45A5769251BC}.Release|Any CPU.ActiveCfg = Release|Any CPU
		{E0B0698D-DC8A-498D-B21F-45A5769251BC}.Release|Any CPU.Build.0 = Release|Any CPU
	EndGlobalSection
	GlobalSection(NestedProjects) = preSolution
		{3D398B6C-AF4D-4CBE-A35F-C6DA75EFF1A7} = {0D971EFA-5A88-4B68-9099-54E5E74C6437}
		{54B7622F-F09F-45F2-9A42-B6ACEA3CCC98} = {F46DF1D3-99C9-43FB-8BB9-499E17557ED5}
		{81071089-7BE3-425C-942D-67E6E88C9B93} = {F46DF1D3-99C9-43FB-8BB9-499E17557ED5}
		{C2DBCA58-9389-4D59-8584-6A61F5CC5D77} = {F46DF1D3-99C9-43FB-8BB9-499E17557ED5}
		{B25C5DCC-DF32-44D9-ADC6-A1522BA86C04} = {F46DF1D3-99C9-43FB-8BB9-499E17557ED5}
		{A10A3E27-57F3-40B4-9EEA-6BC51E732720} = {F46DF1D3-99C9-43FB-8BB9-499E17557ED5}
		{E7789D87-D6AC-4ED6-9AAE-C850AC6BE38C} = {F46DF1D3-99C9-43FB-8BB9-499E17557ED5}
		{E0B0698D-DC8A-498D-B21F-45A5769251BC} = {FEFE79AB-5F34-4983-9E3D-AC4C8F595639}
	EndGlobalSection
EndGlobal
