
Microsoft Visual Studio Solution File, Format Version 12.00
Project("{2150E333-8FDC-42A3-9474-1A3956D46DE8}") = "Api", "Api", "{0D971EFA-5A88-4B68-9099-54E5E74C6437}"
EndProject
Project("{2150E333-8FDC-42A3-9474-1A3956D46DE8}") = "Ui", "Ui", "{FEFE79AB-5F34-4983-9E3D-AC4C8F595639}"
EndProject
Project("{FAE04EC0-301F-11D3-BF4B-00C04F79EFBC}") = "Host", "Api\Host\Host.csproj", "{3D398B6C-AF4D-4CBE-A35F-C6DA75EFF1A7}"
EndProject
Project("{2150E333-8FDC-42A3-9474-1A3956D46DE8}") = "Core", "Core", "{F46DF1D3-99C9-43FB-8BB9-499E17557ED5}"
EndProject
Project("{FAE04EC0-301F-11D3-BF4B-00C04F79EFBC}") = "ServiceBus", "Core\ServiceBus\ServiceBus.csproj", "{54B7622F-F09F-45F2-9A42-B6ACEA3CCC98}"
EndProject
Project("{FAE04EC0-301F-11D3-BF4B-00C04F79EFBC}") = "Relay", "Core\Relay\Relay.csproj", "{81071089-7BE3-425C-942D-67E6E88C9B93}"
EndProject
Project("{FAE04EC0-301F-11D3-BF4B-00C04F79EFBC}") = "NotificationHub", "Core\NotificationHub\NotificationHub.csproj", "{C2DBCA58-9389-4D59-8584-6A61F5CC5D77}"
EndProject
Project("{FAE04EC0-301F-11D3-BF4B-00C04F79EFBC}") = "Common", "Core\Common\Common.csproj", "{B25C5DCC-DF32-44D9-ADC6-A1522BA86C04}"
EndProject
Project("{FAE04EC0-301F-11D3-BF4B-00C04F79EFBC}") = "ServiceBus.Contracts", "Core\ServiceBus.Contracts\ServiceBus.Contracts.csproj", "{A10A3E27-57F3-40B4-9EEA-6BC51E732720}"
EndProject
Project("{FAE04EC0-301F-11D3-BF4B-00C04F79EFBC}") = "Management", "Core\Management\Management.csproj", "{E7789D87-D6AC-4ED6-9AAE-C850AC6BE38C}"
EndProject
Project("{FAE04EC0-301F-11D3-BF4B-00C04F79EFBC}") = "Website.Host", "Ui\Website.Host\Website.Host.csproj", "{8EC1194D-DB66-4991-8A9B-FF1911FAC77F}"
EndProject
Project("{FAE04EC0-301F-11D3-BF4B-00C04F79EFBC}") = "Management.Contracts", "Core\Management.Contracts\Management.Contracts.csproj", "{257BE333-06A1-4167-B7BC-5D973FF75618}"
EndProject
Project("{FAE04EC0-301F-11D3-BF4B-00C04F79EFBC}") = "Website", "Ui\Website\Website.csproj", "{F0A62306-E4E5-4EAC-9A91-599DE1FB96D8}"
EndProject
Project("{FAE04EC0-301F-11D3-BF4B-00C04F79EFBC}") = "Host.Ui", "Ui\Host.Ui\Host.Ui.csproj", "{18470851-2BDA-48DB-B48B-BC4BC67C6EDC}"
EndProject
Project("{2150E333-8FDC-42A3-9474-1A3956D46DE8}") = ".root", ".root", "{ED6798A6-AFA8-4762-942A-A041F89C402C}"
	ProjectSection(SolutionItems) = preProject
		..\README.md = ..\README.md
	EndProjectSection
EndProject
Global
	GlobalSection(SolutionConfigurationPlatforms) = preSolution
		Debug|Any CPU = Debug|Any CPU
		Release|Any CPU = Release|Any CPU
	EndGlobalSection
	GlobalSection(ProjectConfigurationPlatforms) = postSolution
		{3D398B6C-AF4D-4CBE-A35F-C6DA75EFF1A7}.Debug|Any CPU.ActiveCfg = Debug|Any CPU
		{3D398B6C-AF4D-4CBE-A35F-C6DA75EFF1A7}.Debug|Any CPU.Build.0 = Debug|Any CPU
		{3D398B6C-AF4D-4CBE-A35F-C6DA75EFF1A7}.Release|Any CPU.ActiveCfg = Release|Any CPU
		{3D398B6C-AF4D-4CBE-A35F-C6DA75EFF1A7}.Release|Any CPU.Build.0 = Release|Any CPU
		{54B7622F-F09F-45F2-9A42-B6ACEA3CCC98}.Debug|Any CPU.ActiveCfg = Debug|Any CPU
		{54B7622F-F09F-45F2-9A42-B6ACEA3CCC98}.Debug|Any CPU.Build.0 = Debug|Any CPU
		{54B7622F-F09F-45F2-9A42-B6ACEA3CCC98}.Release|Any CPU.ActiveCfg = Release|Any CPU
		{54B7622F-F09F-45F2-9A42-B6ACEA3CCC98}.Release|Any CPU.Build.0 = Release|Any CPU
		{81071089-7BE3-425C-942D-67E6E88C9B93}.Debug|Any CPU.ActiveCfg = Debug|Any CPU
		{81071089-7BE3-425C-942D-67E6E88C9B93}.Debug|Any CPU.Build.0 = Debug|Any CPU
		{81071089-7BE3-425C-942D-67E6E88C9B93}.Release|Any CPU.ActiveCfg = Release|Any CPU
		{81071089-7BE3-425C-942D-67E6E88C9B93}.Release|Any CPU.Build.0 = Release|Any CPU
		{C2DBCA58-9389-4D59-8584-6A61F5CC5D77}.Debug|Any CPU.ActiveCfg = Debug|Any CPU
		{C2DBCA58-9389-4D59-8584-6A61F5CC5D77}.Debug|Any CPU.Build.0 = Debug|Any CPU
		{C2DBCA58-9389-4D59-8584-6A61F5CC5D77}.Release|Any CPU.ActiveCfg = Release|Any CPU
		{C2DBCA58-9389-4D59-8584-6A61F5CC5D77}.Release|Any CPU.Build.0 = Release|Any CPU
		{B25C5DCC-DF32-44D9-ADC6-A1522BA86C04}.Debug|Any CPU.ActiveCfg = Debug|Any CPU
		{B25C5DCC-DF32-44D9-ADC6-A1522BA86C04}.Debug|Any CPU.Build.0 = Debug|Any CPU
		{B25C5DCC-DF32-44D9-ADC6-A1522BA86C04}.Release|Any CPU.ActiveCfg = Release|Any CPU
		{B25C5DCC-DF32-44D9-ADC6-A1522BA86C04}.Release|Any CPU.Build.0 = Release|Any CPU
		{A10A3E27-57F3-40B4-9EEA-6BC51E732720}.Debug|Any CPU.ActiveCfg = Debug|Any CPU
		{A10A3E27-57F3-40B4-9EEA-6BC51E732720}.Debug|Any CPU.Build.0 = Debug|Any CPU
		{A10A3E27-57F3-40B4-9EEA-6BC51E732720}.Release|Any CPU.ActiveCfg = Release|Any CPU
		{A10A3E27-57F3-40B4-9EEA-6BC51E732720}.Release|Any CPU.Build.0 = Release|Any CPU
		{E7789D87-D6AC-4ED6-9AAE-C850AC6BE38C}.Debug|Any CPU.ActiveCfg = Debug|Any CPU
		{E7789D87-D6AC-4ED6-9AAE-C850AC6BE38C}.Debug|Any CPU.Build.0 = Debug|Any CPU
		{E7789D87-D6AC-4ED6-9AAE-C850AC6BE38C}.Release|Any CPU.ActiveCfg = Release|Any CPU
		{E7789D87-D6AC-4ED6-9AAE-C850AC6BE38C}.Release|Any CPU.Build.0 = Release|Any CPU
		{8EC1194D-DB66-4991-8A9B-FF1911FAC77F}.Debug|Any CPU.ActiveCfg = Debug|Any CPU
		{8EC1194D-DB66-4991-8A9B-FF1911FAC77F}.Debug|Any CPU.Build.0 = Debug|Any CPU
		{8EC1194D-DB66-4991-8A9B-FF1911FAC77F}.Release|Any CPU.ActiveCfg = Release|Any CPU
		{8EC1194D-DB66-4991-8A9B-FF1911FAC77F}.Release|Any CPU.Build.0 = Release|Any CPU
		{257BE333-06A1-4167-B7BC-5D973FF75618}.Debug|Any CPU.ActiveCfg = Debug|Any CPU
		{257BE333-06A1-4167-B7BC-5D973FF75618}.Debug|Any CPU.Build.0 = Debug|Any CPU
		{257BE333-06A1-4167-B7BC-5D973FF75618}.Release|Any CPU.ActiveCfg = Release|Any CPU
		{257BE333-06A1-4167-B7BC-5D973FF75618}.Release|Any CPU.Build.0 = Release|Any CPU
		{F0A62306-E4E5-4EAC-9A91-599DE1FB96D8}.Debug|Any CPU.ActiveCfg = Debug|Any CPU
		{F0A62306-E4E5-4EAC-9A91-599DE1FB96D8}.Debug|Any CPU.Build.0 = Debug|Any CPU
		{F0A62306-E4E5-4EAC-9A91-599DE1FB96D8}.Release|Any CPU.ActiveCfg = Release|Any CPU
		{F0A62306-E4E5-4EAC-9A91-599DE1FB96D8}.Release|Any CPU.Build.0 = Release|Any CPU
		{18470851-2BDA-48DB-B48B-BC4BC67C6EDC}.Debug|Any CPU.ActiveCfg = Debug|Any CPU
		{18470851-2BDA-48DB-B48B-BC4BC67C6EDC}.Debug|Any CPU.Build.0 = Debug|Any CPU
		{18470851-2BDA-48DB-B48B-BC4BC67C6EDC}.Release|Any CPU.ActiveCfg = Release|Any CPU
		{18470851-2BDA-48DB-B48B-BC4BC67C6EDC}.Release|Any CPU.Build.0 = Release|Any CPU
	EndGlobalSection
	GlobalSection(NestedProjects) = preSolution
		{3D398B6C-AF4D-4CBE-A35F-C6DA75EFF1A7} = {0D971EFA-5A88-4B68-9099-54E5E74C6437}
		{54B7622F-F09F-45F2-9A42-B6ACEA3CCC98} = {F46DF1D3-99C9-43FB-8BB9-499E17557ED5}
		{81071089-7BE3-425C-942D-67E6E88C9B93} = {F46DF1D3-99C9-43FB-8BB9-499E17557ED5}
		{C2DBCA58-9389-4D59-8584-6A61F5CC5D77} = {F46DF1D3-99C9-43FB-8BB9-499E17557ED5}
		{B25C5DCC-DF32-44D9-ADC6-A1522BA86C04} = {F46DF1D3-99C9-43FB-8BB9-499E17557ED5}
		{A10A3E27-57F3-40B4-9EEA-6BC51E732720} = {F46DF1D3-99C9-43FB-8BB9-499E17557ED5}
		{E7789D87-D6AC-4ED6-9AAE-C850AC6BE38C} = {F46DF1D3-99C9-43FB-8BB9-499E17557ED5}
		{8EC1194D-DB66-4991-8A9B-FF1911FAC77F} = {FEFE79AB-5F34-4983-9E3D-AC4C8F595639}
		{257BE333-06A1-4167-B7BC-5D973FF75618} = {F46DF1D3-99C9-43FB-8BB9-499E17557ED5}
		{F0A62306-E4E5-4EAC-9A91-599DE1FB96D8} = {FEFE79AB-5F34-4983-9E3D-AC4C8F595639}
		{18470851-2BDA-48DB-B48B-BC4BC67C6EDC} = {FEFE79AB-5F34-4983-9E3D-AC4C8F595639}
	EndGlobalSection
EndGlobal
